
Microsoft Visual Studio Solution File, Format Version 12.00
# Visual Studio Version 17
VisualStudioVersion = 17.2.32602.215
MinimumVisualStudioVersion = 10.0.40219.1
Project("{FAE04EC0-301F-11D3-BF4B-00C04F79EFBC}") = "cs", "cs\cs.csproj", "{4771DC78-C306-4050-AAF1-76F51B05470D}"
EndProject
Global
	GlobalSection(SolutionConfigurationPlatforms) = preSolution
		Debug|Any CPU = Debug|Any CPU
		Release|Any CPU = Release|Any CPU
	EndGlobalSection
	GlobalSection(ProjectConfigurationPlatforms) = postSolution
		{4771DC78-C306-4050-AAF1-76F51B05470D}.Debug|Any CPU.ActiveCfg = Debug|Any CPU
		{4771DC78-C306-4050-AAF1-76F51B05470D}.Debug|Any CPU.Build.0 = Debug|Any CPU
		{4771DC78-C306-4050-AAF1-76F51B05470D}.Release|Any CPU.ActiveCfg = Release|Any CPU
		{4771DC78-C306-4050-AAF1-76F51B05470D}.Release|Any CPU.Build.0 = Release|Any CPU
	EndGlobalSection
	GlobalSection(SolutionProperties) = preSolution
		HideSolutionNode = FALSE
	EndGlobalSection
	GlobalSection(ExtensibilityGlobals) = postSolution
		SolutionGuid = {F6E5AC0A-7B0F-4E0D-97FC-CAC2309DFA71}
	EndGlobalSection
EndGlobal
