
Microsoft Visual Studio Solution File, Format Version 12.00
# Visual Studio Version 17
VisualStudioVersion = 17.2.32602.215
MinimumVisualStudioVersion = 10.0.40219.1
Project("{FAE04EC0-301F-11D3-BF4B-00C04F79EFBC}") = "cs assignment3", "cs assignment3\cs assignment3.csproj", "{CFA80F35-3483-4763-8737-0A42EC98D06E}"
EndProject
Global
	GlobalSection(SolutionConfigurationPlatforms) = preSolution
		Debug|Any CPU = Debug|Any CPU
		Release|Any CPU = Release|Any CPU
	EndGlobalSection
	GlobalSection(ProjectConfigurationPlatforms) = postSolution
		{CFA80F35-3483-4763-8737-0A42EC98D06E}.Debug|Any CPU.ActiveCfg = Debug|Any CPU
		{CFA80F35-3483-4763-8737-0A42EC98D06E}.Debug|Any CPU.Build.0 = Debug|Any CPU
		{CFA80F35-3483-4763-8737-0A42EC98D06E}.Release|Any CPU.ActiveCfg = Release|Any CPU
		{CFA80F35-3483-4763-8737-0A42EC98D06E}.Release|Any CPU.Build.0 = Release|Any CPU
	EndGlobalSection
	GlobalSection(SolutionProperties) = preSolution
		HideSolutionNode = FALSE
	EndGlobalSection
	GlobalSection(ExtensibilityGlobals) = postSolution
		SolutionGuid = {8F7634A2-3101-42DC-A0AB-2DA9A0F748A4}
	EndGlobalSection
EndGlobal
